{
  "name": "@mapbox/react-native-mapbox-ar",
  "version": "0.0.1",
  "lockfileVersion": 1,
  "requires": true,
  "dependencies": {
    "@mapbox/sphericalmercator": {
      "version": "1.0.5",
      "resolved": "https://registry.npmjs.org/@mapbox/sphericalmercator/-/sphericalmercator-1.0.5.tgz",
      "integrity": "sha1-cCN7l3QJXtHP286nqP0fyCsmkfI="
    },
    "@mapbox/tile-cover": {
      "version": "3.0.2",
      "resolved": "https://registry.npmjs.org/@mapbox/tile-cover/-/tile-cover-3.0.2.tgz",
      "integrity": "sha1-4Qsbv+Ze4op/GgEn3raZY10PjXo=",
      "requires": {
        "@mapbox/tilebelt": "1.0.1"
      }
    },
    "@mapbox/tilebelt": {
      "version": "1.0.1",
      "resolved": "https://registry.npmjs.org/@mapbox/tilebelt/-/tilebelt-1.0.1.tgz",
      "integrity": "sha1-1XocSlRF6Sja1yCoKDiaCmnbiBg="
    },
    "@turf/bbox": {
      "version": "6.0.1",
      "resolved": "https://registry.npmjs.org/@turf/bbox/-/bbox-6.0.1.tgz",
      "integrity": "sha512-EGgaRLettBG25Iyx7VyUINsPpVj1x3nFQFiGS3ER8KCI1MximzNLsam3eXRabqQDjyAKyAE1bJ4EZEpGvspQxw==",
      "requires": {
        "@turf/helpers": "6.1.3",
        "@turf/meta": "6.0.1"
      }
    },
    "@turf/bbox-polygon": {
      "version": "6.0.1",
      "resolved": "https://registry.npmjs.org/@turf/bbox-polygon/-/bbox-polygon-6.0.1.tgz",
      "integrity": "sha512-f6BK6GOzUNjmJeOYHklk/5LNcQMQbo51gvAM10dTM5IqzKP01KM5bgV88uOKfSZB0HRQVpaRV1tgXk2bg5cPRg==",
      "requires": {
        "@turf/helpers": "6.1.3"
      }
    },
    "@turf/bearing": {
      "version": "5.1.5",
      "resolved": "https://registry.npmjs.org/@turf/bearing/-/bearing-5.1.5.tgz",
      "integrity": "sha1-egt5ATbE70eX8CRjBdRcvi0ns/c=",
      "requires": {
        "@turf/helpers": "5.1.5",
        "@turf/invariant": "5.2.0"
      },
      "dependencies": {
        "@turf/helpers": {
          "version": "5.1.5",
          "resolved": "https://registry.npmjs.org/@turf/helpers/-/helpers-5.1.5.tgz",
          "integrity": "sha1-FTQFInq5M9AEpbuWQantmZ/L4M8="
        }
      }
    },
    "@turf/destination": {
      "version": "5.1.5",
      "resolved": "https://registry.npmjs.org/@turf/destination/-/destination-5.1.5.tgz",
      "integrity": "sha1-7TU4G9zoO73cvQei4rzivd/7zCY=",
      "requires": {
        "@turf/helpers": "5.1.5",
        "@turf/invariant": "5.2.0"
      },
      "dependencies": {
        "@turf/helpers": {
          "version": "5.1.5",
          "resolved": "https://registry.npmjs.org/@turf/helpers/-/helpers-5.1.5.tgz",
          "integrity": "sha1-FTQFInq5M9AEpbuWQantmZ/L4M8="
        }
      }
    },
    "@turf/distance": {
      "version": "5.1.5",
      "resolved": "https://registry.npmjs.org/@turf/distance/-/distance-5.1.5.tgz",
      "integrity": "sha1-Oc8YIEu/h1h9cH5gmmARiQkVZAk=",
      "requires": {
        "@turf/helpers": "5.1.5",
        "@turf/invariant": "5.2.0"
      },
      "dependencies": {
        "@turf/helpers": {
          "version": "5.1.5",
          "resolved": "https://registry.npmjs.org/@turf/helpers/-/helpers-5.1.5.tgz",
          "integrity": "sha1-FTQFInq5M9AEpbuWQantmZ/L4M8="
        }
      }
    },
    "@turf/helpers": {
      "version": "6.1.3",
      "resolved": "https://registry.npmjs.org/@turf/helpers/-/helpers-6.1.3.tgz",
      "integrity": "sha512-nBbSk/hi7WC+5F/CKbfkB42ckIm7jms79DutLCD9Q5AYVITNxitP5uPrgE+Sf4VPFTBaEe0e8yzFCRzH9+SAzw=="
    },
    "@turf/invariant": {
      "version": "5.2.0",
      "resolved": "https://registry.npmjs.org/@turf/invariant/-/invariant-5.2.0.tgz",
      "integrity": "sha1-8BUP9ykLOFd7c9CIt5MsHuCqkKc=",
      "requires": {
        "@turf/helpers": "5.1.5"
      },
      "dependencies": {
        "@turf/helpers": {
          "version": "5.1.5",
          "resolved": "https://registry.npmjs.org/@turf/helpers/-/helpers-5.1.5.tgz",
          "integrity": "sha1-FTQFInq5M9AEpbuWQantmZ/L4M8="
        }
      }
    },
    "@turf/meta": {
      "version": "6.0.1",
      "resolved": "https://registry.npmjs.org/@turf/meta/-/meta-6.0.1.tgz",
      "integrity": "sha512-+2mBdPM2sOrjbpm41OwzbFXqs0Vl05IRthFwbTfA4+QIhu97SvcMbX406P3QEerMPFtKEb33f01e4yMrEot/AA==",
      "requires": {
        "@turf/helpers": "6.1.3"
      }
    },
    "@turf/midpoint": {
      "version": "5.1.5",
      "resolved": "https://registry.npmjs.org/@turf/midpoint/-/midpoint-5.1.5.tgz",
      "integrity": "sha1-4mH2srDqgSTM7/VSomLdRlydBfA=",
      "requires": {
        "@turf/bearing": "5.1.5",
        "@turf/destination": "5.1.5",
        "@turf/distance": "5.1.5",
        "@turf/helpers": "5.1.5"
      },
      "dependencies": {
        "@turf/helpers": {
          "version": "5.1.5",
          "resolved": "https://registry.npmjs.org/@turf/helpers/-/helpers-5.1.5.tgz",
          "integrity": "sha1-FTQFInq5M9AEpbuWQantmZ/L4M8="
        }
      }
    }
  }
}
