PODS:
  - AWSCore (2.6.14)
  - AWSDynamoDB (2.6.14):
    - AWSCore (= 2.6.14)
  - GoogleToolboxForMac/Defines (2.1.0)
  - GoogleToolboxForMac/Logger (2.1.0):
    - GoogleToolboxForMac/Defines (= 2.1.0)
  - GTMSessionFetcher/Core (1.1.6)
  - GVRAudioSDK (1.120.0)
  - GVRSDK (1.120.0):
    - GoogleToolboxForMac/Logger (= 2.1.0)
    - GTMSessionFetcher/Core (= 1.1.6)
  - ViroKit (1.0):
    - AWSDynamoDB (~> 2.6.7)
    - GVRAudioSDK (= 1.120.0)
    - GVRSDK (= 1.120.0)
  - ViroReact (1.0)

DEPENDENCIES:
  - ViroKit (from `../node_modules/react-viro/ios/dist/ViroRenderer/`)
  - ViroReact (from `../node_modules/react-viro/ios/`)

SPEC REPOS:
  https://github.com/CocoaPods/Specs.git:
    - AWSCore
    - AWSDynamoDB
    - GoogleToolboxForMac
    - GTMSessionFetcher
    - GVRAudioSDK
    - GVRSDK

EXTERNAL SOURCES:
  ViroKit:
    :path: "../node_modules/react-viro/ios/dist/ViroRenderer/"
  ViroReact:
    :path: "../node_modules/react-viro/ios/"

SPEC CHECKSUMS:
  AWSCore: 8c883c2623d314dd82cca3809527784e1d1a02e5
  AWSDynamoDB: ecbc36963c5dd62354d8e844312a3a45f59046b9
  GoogleToolboxForMac: 2b2596cbb7186865e98cadf2b1e262d851c2b168
  GTMSessionFetcher: 6aacd0ab48ddf0c3633ab2642d792abfcad1b08a
  GVRAudioSDK: 302f0a8f190d855868ea07f246ce4f9b44c392ae
  GVRSDK: 0cb9d0ce06a84d698e61e3db9509766022dcf815
  ViroKit: 9631f301ef6a3f56116b23d6aac5d5c2307aa368
  ViroReact: 5520f26ac4654e361786c82da3b29ce0402c3c00

PODFILE CHECKSUM: c26051f5cf1e810c16a0c0a3ad43eae19ba26de3

COCOAPODS: 1.5.0
