// !$*UTF8*$!
{
	archiveVersion = 1;
	classes = {
	};
	objectVersion = 48;
	objects = {

/* Begin PBXBuildFile section */
		C42C561C207818FB00E440C6 /* RNMapboxAR.m in Sources */ = {isa = PBXBuildFile; fileRef = C42C561B207818FB00E440C6 /* RNMapboxAR.m */; };
		C42C561D207818FB00E440C6 /* RNMapboxAR.h in CopyFiles */ = {isa = PBXBuildFile; fileRef = C42C561A207818FB00E440C6 /* RNMapboxAR.h */; };
		C4B4C1D920BA73B100333D26 /* BufferGeometry.m in Sources */ = {isa = PBXBuildFile; fileRef = C4B4C1B520BA73AE00333D26 /* BufferGeometry.m */; };
		C4B4C1DA20BA73B100333D26 /* PlaneGeometry.m in Sources */ = {isa = PBXBuildFile; fileRef = C4B4C1B720BA73AE00333D26 /* PlaneGeometry.m */; };
		C4B4C1DB20BA73B200333D26 /* TerrainService.m in Sources */ = {isa = PBXBuildFile; fileRef = C4B4C1BC20BA73AE00333D26 /* TerrainService.m */; };
		C4B4C1DC20BA73B200333D26 /* Face3.m in Sources */ = {isa = PBXBuildFile; fileRef = C4B4C1BF20BA73AF00333D26 /* Face3.m */; };
		C4B4C1DD20BA73B200333D26 /* PlaneBufferGeometry.m in Sources */ = {isa = PBXBuildFile; fileRef = C4B4C1C120BA73AF00333D26 /* PlaneBufferGeometry.m */; };
		C4B4C1DE20BA73B200333D26 /* Matrix4.m in Sources */ = {isa = PBXBuildFile; fileRef = C4B4C1C220BA73AF00333D26 /* Matrix4.m */; };
		C4B4C1DF20BA73B200333D26 /* Object3D.m in Sources */ = {isa = PBXBuildFile; fileRef = C4B4C1C320BA73AF00333D26 /* Object3D.m */; };
		C4B4C1E020BA73B200333D26 /* MapboxManager.m in Sources */ = {isa = PBXBuildFile; fileRef = C4B4C1C420BA73AF00333D26 /* MapboxManager.m */; };
		C4B4C1E120BA73B200333D26 /* Matrix3.m in Sources */ = {isa = PBXBuildFile; fileRef = C4B4C1C520BA73AF00333D26 /* Matrix3.m */; };
		C4B4C1E220BA73B200333D26 /* TerrainTile.m in Sources */ = {isa = PBXBuildFile; fileRef = C4B4C1C620BA73AF00333D26 /* TerrainTile.m */; };
		C4B4C1E320BA73B200333D26 /* Geometry.m in Sources */ = {isa = PBXBuildFile; fileRef = C4B4C1C720BA73AF00333D26 /* Geometry.m */; };
		C4B4C1E420BA73B200333D26 /* Vector2.m in Sources */ = {isa = PBXBuildFile; fileRef = C4B4C1C920BA73B000333D26 /* Vector2.m */; };
		C4B4C1E520BA73B200333D26 /* RCTMapboxARModule.m in Sources */ = {isa = PBXBuildFile; fileRef = C4B4C1CA20BA73B000333D26 /* RCTMapboxARModule.m */; };
		C4B4C1E620BA73B200333D26 /* RCTMapboxARTerrainModule.m in Sources */ = {isa = PBXBuildFile; fileRef = C4B4C1CD20BA73B000333D26 /* RCTMapboxARTerrainModule.m */; };
		C4B4C1E720BA73B200333D26 /* ObjFileExporter.m in Sources */ = {isa = PBXBuildFile; fileRef = C4B4C1D220BA73B100333D26 /* ObjFileExporter.m */; };
		C4B4C1E820BA73B200333D26 /* Vector3.m in Sources */ = {isa = PBXBuildFile; fileRef = C4B4C1D320BA73B100333D26 /* Vector3.m */; };
		C4B4C1E920BA73B200333D26 /* ListUtils.m in Sources */ = {isa = PBXBuildFile; fileRef = C4B4C1D520BA73B100333D26 /* ListUtils.m */; };
		C4B4C1EA20BA73B200333D26 /* BitmapUtils.m in Sources */ = {isa = PBXBuildFile; fileRef = C4B4C1D720BA73B100333D26 /* BitmapUtils.m */; };
/* End PBXBuildFile section */

/* Begin PBXCopyFilesBuildPhase section */
		C42C5615207818FB00E440C6 /* CopyFiles */ = {
			isa = PBXCopyFilesBuildPhase;
			buildActionMask = 2147483647;
			dstPath = "include/$(PRODUCT_NAME)";
			dstSubfolderSpec = 16;
			files = (
				C42C561D207818FB00E440C6 /* RNMapboxAR.h in CopyFiles */,
			);
			runOnlyForDeploymentPostprocessing = 0;
		};
/* End PBXCopyFilesBuildPhase section */

/* Begin PBXFileReference section */
		C42C5617207818FB00E440C6 /* libRNMapboxAR.a */ = {isa = PBXFileReference; explicitFileType = archive.ar; includeInIndex = 0; path = libRNMapboxAR.a; sourceTree = BUILT_PRODUCTS_DIR; };
		C42C561A207818FB00E440C6 /* RNMapboxAR.h */ = {isa = PBXFileReference; lastKnownFileType = sourcecode.c.h; path = RNMapboxAR.h; sourceTree = "<group>"; };
		C42C561B207818FB00E440C6 /* RNMapboxAR.m */ = {isa = PBXFileReference; lastKnownFileType = sourcecode.c.objc; path = RNMapboxAR.m; sourceTree = "<group>"; };
		C4B4C1B520BA73AE00333D26 /* BufferGeometry.m */ = {isa = PBXFileReference; fileEncoding = 4; lastKnownFileType = sourcecode.c.objc; path = BufferGeometry.m; sourceTree = "<group>"; };
		C4B4C1B620BA73AE00333D26 /* ObjFileExporter.h */ = {isa = PBXFileReference; fileEncoding = 4; lastKnownFileType = sourcecode.c.h; path = ObjFileExporter.h; sourceTree = "<group>"; };
		C4B4C1B720BA73AE00333D26 /* PlaneGeometry.m */ = {isa = PBXFileReference; fileEncoding = 4; lastKnownFileType = sourcecode.c.objc; path = PlaneGeometry.m; sourceTree = "<group>"; };
		C4B4C1B820BA73AE00333D26 /* BufferGeometry.h */ = {isa = PBXFileReference; fileEncoding = 4; lastKnownFileType = sourcecode.c.h; path = BufferGeometry.h; sourceTree = "<group>"; };
		C4B4C1B920BA73AE00333D26 /* ListUtils.h */ = {isa = PBXFileReference; fileEncoding = 4; lastKnownFileType = sourcecode.c.h; path = ListUtils.h; sourceTree = "<group>"; };
		C4B4C1BA20BA73AE00333D26 /* MapboxManager.h */ = {isa = PBXFileReference; fileEncoding = 4; lastKnownFileType = sourcecode.c.h; path = MapboxManager.h; sourceTree = "<group>"; };
		C4B4C1BB20BA73AE00333D26 /* PlaneBufferGeometry.h */ = {isa = PBXFileReference; fileEncoding = 4; lastKnownFileType = sourcecode.c.h; path = PlaneBufferGeometry.h; sourceTree = "<group>"; };
		C4B4C1BC20BA73AE00333D26 /* TerrainService.m */ = {isa = PBXFileReference; fileEncoding = 4; lastKnownFileType = sourcecode.c.objc; path = TerrainService.m; sourceTree = "<group>"; };
		C4B4C1BD20BA73AE00333D26 /* Vector3.h */ = {isa = PBXFileReference; fileEncoding = 4; lastKnownFileType = sourcecode.c.h; path = Vector3.h; sourceTree = "<group>"; };
		C4B4C1BE20BA73AF00333D26 /* RCTMapboxARModule.h */ = {isa = PBXFileReference; fileEncoding = 4; lastKnownFileType = sourcecode.c.h; path = RCTMapboxARModule.h; sourceTree = "<group>"; };
		C4B4C1BF20BA73AF00333D26 /* Face3.m */ = {isa = PBXFileReference; fileEncoding = 4; lastKnownFileType = sourcecode.c.objc; path = Face3.m; sourceTree = "<group>"; };
		C4B4C1C020BA73AF00333D26 /* Object3D.h */ = {isa = PBXFileReference; fileEncoding = 4; lastKnownFileType = sourcecode.c.h; path = Object3D.h; sourceTree = "<group>"; };
		C4B4C1C120BA73AF00333D26 /* PlaneBufferGeometry.m */ = {isa = PBXFileReference; fileEncoding = 4; lastKnownFileType = sourcecode.c.objc; path = PlaneBufferGeometry.m; sourceTree = "<group>"; };
		C4B4C1C220BA73AF00333D26 /* Matrix4.m */ = {isa = PBXFileReference; fileEncoding = 4; lastKnownFileType = sourcecode.c.objc; path = Matrix4.m; sourceTree = "<group>"; };
		C4B4C1C320BA73AF00333D26 /* Object3D.m */ = {isa = PBXFileReference; fileEncoding = 4; lastKnownFileType = sourcecode.c.objc; path = Object3D.m; sourceTree = "<group>"; };
		C4B4C1C420BA73AF00333D26 /* MapboxManager.m */ = {isa = PBXFileReference; fileEncoding = 4; lastKnownFileType = sourcecode.c.objc; path = MapboxManager.m; sourceTree = "<group>"; };
		C4B4C1C520BA73AF00333D26 /* Matrix3.m */ = {isa = PBXFileReference; fileEncoding = 4; lastKnownFileType = sourcecode.c.objc; path = Matrix3.m; sourceTree = "<group>"; };
		C4B4C1C620BA73AF00333D26 /* TerrainTile.m */ = {isa = PBXFileReference; fileEncoding = 4; lastKnownFileType = sourcecode.c.objc; path = TerrainTile.m; sourceTree = "<group>"; };
		C4B4C1C720BA73AF00333D26 /* Geometry.m */ = {isa = PBXFileReference; fileEncoding = 4; lastKnownFileType = sourcecode.c.objc; path = Geometry.m; sourceTree = "<group>"; };
		C4B4C1C820BA73AF00333D26 /* Face3.h */ = {isa = PBXFileReference; fileEncoding = 4; lastKnownFileType = sourcecode.c.h; path = Face3.h; sourceTree = "<group>"; };
		C4B4C1C920BA73B000333D26 /* Vector2.m */ = {isa = PBXFileReference; fileEncoding = 4; lastKnownFileType = sourcecode.c.objc; path = Vector2.m; sourceTree = "<group>"; };
		C4B4C1CA20BA73B000333D26 /* RCTMapboxARModule.m */ = {isa = PBXFileReference; fileEncoding = 4; lastKnownFileType = sourcecode.c.objc; path = RCTMapboxARModule.m; sourceTree = "<group>"; };
		C4B4C1CB20BA73B000333D26 /* TerrainService.h */ = {isa = PBXFileReference; fileEncoding = 4; lastKnownFileType = sourcecode.c.h; path = TerrainService.h; sourceTree = "<group>"; };
		C4B4C1CC20BA73B000333D26 /* TerrainTile.h */ = {isa = PBXFileReference; fileEncoding = 4; lastKnownFileType = sourcecode.c.h; path = TerrainTile.h; sourceTree = "<group>"; };
		C4B4C1CD20BA73B000333D26 /* RCTMapboxARTerrainModule.m */ = {isa = PBXFileReference; fileEncoding = 4; lastKnownFileType = sourcecode.c.objc; path = RCTMapboxARTerrainModule.m; sourceTree = "<group>"; };
		C4B4C1CE20BA73B000333D26 /* Matrix3.h */ = {isa = PBXFileReference; fileEncoding = 4; lastKnownFileType = sourcecode.c.h; path = Matrix3.h; sourceTree = "<group>"; };
		C4B4C1CF20BA73B000333D26 /* Vector2.h */ = {isa = PBXFileReference; fileEncoding = 4; lastKnownFileType = sourcecode.c.h; path = Vector2.h; sourceTree = "<group>"; };
		C4B4C1D020BA73B000333D26 /* RCTMapboxARTerrainModule.h */ = {isa = PBXFileReference; fileEncoding = 4; lastKnownFileType = sourcecode.c.h; path = RCTMapboxARTerrainModule.h; sourceTree = "<group>"; };
		C4B4C1D120BA73B000333D26 /* Matrix4.h */ = {isa = PBXFileReference; fileEncoding = 4; lastKnownFileType = sourcecode.c.h; path = Matrix4.h; sourceTree = "<group>"; };
		C4B4C1D220BA73B100333D26 /* ObjFileExporter.m */ = {isa = PBXFileReference; fileEncoding = 4; lastKnownFileType = sourcecode.c.objc; path = ObjFileExporter.m; sourceTree = "<group>"; };
		C4B4C1D320BA73B100333D26 /* Vector3.m */ = {isa = PBXFileReference; fileEncoding = 4; lastKnownFileType = sourcecode.c.objc; path = Vector3.m; sourceTree = "<group>"; };
		C4B4C1D420BA73B100333D26 /* BitmapUtils.h */ = {isa = PBXFileReference; fileEncoding = 4; lastKnownFileType = sourcecode.c.h; path = BitmapUtils.h; sourceTree = "<group>"; };
		C4B4C1D520BA73B100333D26 /* ListUtils.m */ = {isa = PBXFileReference; fileEncoding = 4; lastKnownFileType = sourcecode.c.objc; path = ListUtils.m; sourceTree = "<group>"; };
		C4B4C1D620BA73B100333D26 /* Geometry.h */ = {isa = PBXFileReference; fileEncoding = 4; lastKnownFileType = sourcecode.c.h; path = Geometry.h; sourceTree = "<group>"; };
		C4B4C1D720BA73B100333D26 /* BitmapUtils.m */ = {isa = PBXFileReference; fileEncoding = 4; lastKnownFileType = sourcecode.c.objc; path = BitmapUtils.m; sourceTree = "<group>"; };
		C4B4C1D820BA73B100333D26 /* PlaneGeometry.h */ = {isa = PBXFileReference; fileEncoding = 4; lastKnownFileType = sourcecode.c.h; path = PlaneGeometry.h; sourceTree = "<group>"; };
/* End PBXFileReference section */

/* Begin PBXFrameworksBuildPhase section */
		C42C5614207818FB00E440C6 /* Frameworks */ = {
			isa = PBXFrameworksBuildPhase;
			buildActionMask = 2147483647;
			files = (
			);
			runOnlyForDeploymentPostprocessing = 0;
		};
/* End PBXFrameworksBuildPhase section */

/* Begin PBXGroup section */
		C42C560E207818FB00E440C6 = {
			isa = PBXGroup;
			children = (
				C42C5619207818FB00E440C6 /* RNMapboxAR */,
				C42C5618207818FB00E440C6 /* Products */,
			);
			sourceTree = "<group>";
		};
		C42C5618207818FB00E440C6 /* Products */ = {
			isa = PBXGroup;
			children = (
				C42C5617207818FB00E440C6 /* libRNMapboxAR.a */,
			);
			name = Products;
			sourceTree = "<group>";
		};
		C42C5619207818FB00E440C6 /* RNMapboxAR */ = {
			isa = PBXGroup;
			children = (
				C4B4C1D420BA73B100333D26 /* BitmapUtils.h */,
				C4B4C1D720BA73B100333D26 /* BitmapUtils.m */,
				C4B4C1B820BA73AE00333D26 /* BufferGeometry.h */,
				C4B4C1B520BA73AE00333D26 /* BufferGeometry.m */,
				C4B4C1C820BA73AF00333D26 /* Face3.h */,
				C4B4C1BF20BA73AF00333D26 /* Face3.m */,
				C4B4C1D620BA73B100333D26 /* Geometry.h */,
				C4B4C1C720BA73AF00333D26 /* Geometry.m */,
				C4B4C1B920BA73AE00333D26 /* ListUtils.h */,
				C4B4C1D520BA73B100333D26 /* ListUtils.m */,
				C4B4C1BA20BA73AE00333D26 /* MapboxManager.h */,
				C4B4C1C420BA73AF00333D26 /* MapboxManager.m */,
				C4B4C1CE20BA73B000333D26 /* Matrix3.h */,
				C4B4C1C520BA73AF00333D26 /* Matrix3.m */,
				C4B4C1D120BA73B000333D26 /* Matrix4.h */,
				C4B4C1C220BA73AF00333D26 /* Matrix4.m */,
				C4B4C1C020BA73AF00333D26 /* Object3D.h */,
				C4B4C1C320BA73AF00333D26 /* Object3D.m */,
				C4B4C1B620BA73AE00333D26 /* ObjFileExporter.h */,
				C4B4C1D220BA73B100333D26 /* ObjFileExporter.m */,
				C4B4C1BB20BA73AE00333D26 /* PlaneBufferGeometry.h */,
				C4B4C1C120BA73AF00333D26 /* PlaneBufferGeometry.m */,
				C4B4C1D820BA73B100333D26 /* PlaneGeometry.h */,
				C4B4C1B720BA73AE00333D26 /* PlaneGeometry.m */,
				C4B4C1BE20BA73AF00333D26 /* RCTMapboxARModule.h */,
				C4B4C1CA20BA73B000333D26 /* RCTMapboxARModule.m */,
				C4B4C1D020BA73B000333D26 /* RCTMapboxARTerrainModule.h */,
				C4B4C1CD20BA73B000333D26 /* RCTMapboxARTerrainModule.m */,
				C4B4C1CB20BA73B000333D26 /* TerrainService.h */,
				C4B4C1BC20BA73AE00333D26 /* TerrainService.m */,
				C4B4C1CC20BA73B000333D26 /* TerrainTile.h */,
				C4B4C1C620BA73AF00333D26 /* TerrainTile.m */,
				C4B4C1CF20BA73B000333D26 /* Vector2.h */,
				C4B4C1C920BA73B000333D26 /* Vector2.m */,
				C4B4C1BD20BA73AE00333D26 /* Vector3.h */,
				C4B4C1D320BA73B100333D26 /* Vector3.m */,
				C42C561A207818FB00E440C6 /* RNMapboxAR.h */,
				C42C561B207818FB00E440C6 /* RNMapboxAR.m */,
			);
			path = RNMapboxAR;
			sourceTree = "<group>";
		};
/* End PBXGroup section */

/* Begin PBXNativeTarget section */
		C42C5616207818FB00E440C6 /* RNMapboxAR */ = {
			isa = PBXNativeTarget;
			buildConfigurationList = C42C5620207818FB00E440C6 /* Build configuration list for PBXNativeTarget "RNMapboxAR" */;
			buildPhases = (
				C42C5613207818FB00E440C6 /* Sources */,
				C42C5614207818FB00E440C6 /* Frameworks */,
				C42C5615207818FB00E440C6 /* CopyFiles */,
			);
			buildRules = (
			);
			dependencies = (
			);
			name = RNMapboxAR;
			productName = RNMapboxAR;
			productReference = C42C5617207818FB00E440C6 /* libRNMapboxAR.a */;
			productType = "com.apple.product-type.library.static";
		};
/* End PBXNativeTarget section */

/* Begin PBXProject section */
		C42C560F207818FB00E440C6 /* Project object */ = {
			isa = PBXProject;
			attributes = {
				LastUpgradeCheck = 0920;
				ORGANIZATIONNAME = Mapbox;
				TargetAttributes = {
					C42C5616207818FB00E440C6 = {
						CreatedOnToolsVersion = 9.2;
						ProvisioningStyle = Automatic;
					};
				};
			};
			buildConfigurationList = C42C5612207818FB00E440C6 /* Build configuration list for PBXProject "RNMapboxAR" */;
			compatibilityVersion = "Xcode 8.0";
			developmentRegion = en;
			hasScannedForEncodings = 0;
			knownRegions = (
				en,
			);
			mainGroup = C42C560E207818FB00E440C6;
			productRefGroup = C42C5618207818FB00E440C6 /* Products */;
			projectDirPath = "";
			projectRoot = "";
			targets = (
				C42C5616207818FB00E440C6 /* RNMapboxAR */,
			);
		};
/* End PBXProject section */

/* Begin PBXSourcesBuildPhase section */
		C42C5613207818FB00E440C6 /* Sources */ = {
			isa = PBXSourcesBuildPhase;
			buildActionMask = 2147483647;
			files = (
				C4B4C1E720BA73B200333D26 /* ObjFileExporter.m in Sources */,
				C4B4C1DD20BA73B200333D26 /* PlaneBufferGeometry.m in Sources */,
				C4B4C1E520BA73B200333D26 /* RCTMapboxARModule.m in Sources */,
				C42C561C207818FB00E440C6 /* RNMapboxAR.m in Sources */,
				C4B4C1E820BA73B200333D26 /* Vector3.m in Sources */,
				C4B4C1DB20BA73B200333D26 /* TerrainService.m in Sources */,
				C4B4C1DF20BA73B200333D26 /* Object3D.m in Sources */,
				C4B4C1E120BA73B200333D26 /* Matrix3.m in Sources */,
				C4B4C1DE20BA73B200333D26 /* Matrix4.m in Sources */,
				C4B4C1E920BA73B200333D26 /* ListUtils.m in Sources */,
				C4B4C1D920BA73B100333D26 /* BufferGeometry.m in Sources */,
				C4B4C1E420BA73B200333D26 /* Vector2.m in Sources */,
				C4B4C1E220BA73B200333D26 /* TerrainTile.m in Sources */,
				C4B4C1E020BA73B200333D26 /* MapboxManager.m in Sources */,
				C4B4C1E320BA73B200333D26 /* Geometry.m in Sources */,
				C4B4C1EA20BA73B200333D26 /* BitmapUtils.m in Sources */,
				C4B4C1E620BA73B200333D26 /* RCTMapboxARTerrainModule.m in Sources */,
				C4B4C1DA20BA73B100333D26 /* PlaneGeometry.m in Sources */,
				C4B4C1DC20BA73B200333D26 /* Face3.m in Sources */,
			);
			runOnlyForDeploymentPostprocessing = 0;
		};
/* End PBXSourcesBuildPhase section */

/* Begin XCBuildConfiguration section */
		C42C561E207818FB00E440C6 /* Debug */ = {
			isa = XCBuildConfiguration;
			buildSettings = {
				ALWAYS_SEARCH_USER_PATHS = NO;
				CLANG_ANALYZER_NONNULL = YES;
				CLANG_ANALYZER_NUMBER_OBJECT_CONVERSION = YES_AGGRESSIVE;
				CLANG_CXX_LANGUAGE_STANDARD = "gnu++14";
				CLANG_CXX_LIBRARY = "libc++";
				CLANG_ENABLE_MODULES = YES;
				CLANG_ENABLE_OBJC_ARC = YES;
				CLANG_WARN_BLOCK_CAPTURE_AUTORELEASING = YES;
				CLANG_WARN_BOOL_CONVERSION = YES;
				CLANG_WARN_COMMA = YES;
				CLANG_WARN_CONSTANT_CONVERSION = YES;
				CLANG_WARN_DIRECT_OBJC_ISA_USAGE = YES_ERROR;
				CLANG_WARN_DOCUMENTATION_COMMENTS = YES;
				CLANG_WARN_EMPTY_BODY = YES;
				CLANG_WARN_ENUM_CONVERSION = YES;
				CLANG_WARN_INFINITE_RECURSION = YES;
				CLANG_WARN_INT_CONVERSION = YES;
				CLANG_WARN_NON_LITERAL_NULL_CONVERSION = YES;
				CLANG_WARN_OBJC_LITERAL_CONVERSION = YES;
				CLANG_WARN_OBJC_ROOT_CLASS = YES_ERROR;
				CLANG_WARN_RANGE_LOOP_ANALYSIS = YES;
				CLANG_WARN_STRICT_PROTOTYPES = YES;
				CLANG_WARN_SUSPICIOUS_MOVE = YES;
				CLANG_WARN_UNGUARDED_AVAILABILITY = YES_AGGRESSIVE;
				CLANG_WARN_UNREACHABLE_CODE = YES;
				CLANG_WARN__DUPLICATE_METHOD_MATCH = YES;
				CODE_SIGN_IDENTITY = "iPhone Developer";
				COPY_PHASE_STRIP = NO;
				DEBUG_INFORMATION_FORMAT = dwarf;
				ENABLE_STRICT_OBJC_MSGSEND = YES;
				ENABLE_TESTABILITY = YES;
				GCC_C_LANGUAGE_STANDARD = gnu11;
				GCC_DYNAMIC_NO_PIC = NO;
				GCC_NO_COMMON_BLOCKS = YES;
				GCC_OPTIMIZATION_LEVEL = 0;
				GCC_PREPROCESSOR_DEFINITIONS = (
					"DEBUG=1",
					"$(inherited)",
				);
				GCC_WARN_64_TO_32_BIT_CONVERSION = YES;
				GCC_WARN_ABOUT_RETURN_TYPE = YES_ERROR;
				GCC_WARN_UNDECLARED_SELECTOR = YES;
				GCC_WARN_UNINITIALIZED_AUTOS = YES_AGGRESSIVE;
				GCC_WARN_UNUSED_FUNCTION = YES;
				GCC_WARN_UNUSED_VARIABLE = YES;
				IPHONEOS_DEPLOYMENT_TARGET = 11.2;
				MTL_ENABLE_DEBUG_INFO = YES;
				ONLY_ACTIVE_ARCH = YES;
				SDKROOT = iphoneos;
			};
			name = Debug;
		};
		C42C561F207818FB00E440C6 /* Release */ = {
			isa = XCBuildConfiguration;
			buildSettings = {
				ALWAYS_SEARCH_USER_PATHS = NO;
				CLANG_ANALYZER_NONNULL = YES;
				CLANG_ANALYZER_NUMBER_OBJECT_CONVERSION = YES_AGGRESSIVE;
				CLANG_CXX_LANGUAGE_STANDARD = "gnu++14";
				CLANG_CXX_LIBRARY = "libc++";
				CLANG_ENABLE_MODULES = YES;
				CLANG_ENABLE_OBJC_ARC = YES;
				CLANG_WARN_BLOCK_CAPTURE_AUTORELEASING = YES;
				CLANG_WARN_BOOL_CONVERSION = YES;
				CLANG_WARN_COMMA = YES;
				CLANG_WARN_CONSTANT_CONVERSION = YES;
				CLANG_WARN_DIRECT_OBJC_ISA_USAGE = YES_ERROR;
				CLANG_WARN_DOCUMENTATION_COMMENTS = YES;
				CLANG_WARN_EMPTY_BODY = YES;
				CLANG_WARN_ENUM_CONVERSION = YES;
				CLANG_WARN_INFINITE_RECURSION = YES;
				CLANG_WARN_INT_CONVERSION = YES;
				CLANG_WARN_NON_LITERAL_NULL_CONVERSION = YES;
				CLANG_WARN_OBJC_LITERAL_CONVERSION = YES;
				CLANG_WARN_OBJC_ROOT_CLASS = YES_ERROR;
				CLANG_WARN_RANGE_LOOP_ANALYSIS = YES;
				CLANG_WARN_STRICT_PROTOTYPES = YES;
				CLANG_WARN_SUSPICIOUS_MOVE = YES;
				CLANG_WARN_UNGUARDED_AVAILABILITY = YES_AGGRESSIVE;
				CLANG_WARN_UNREACHABLE_CODE = YES;
				CLANG_WARN__DUPLICATE_METHOD_MATCH = YES;
				CODE_SIGN_IDENTITY = "iPhone Developer";
				COPY_PHASE_STRIP = NO;
				DEBUG_INFORMATION_FORMAT = "dwarf-with-dsym";
				ENABLE_NS_ASSERTIONS = NO;
				ENABLE_STRICT_OBJC_MSGSEND = YES;
				GCC_C_LANGUAGE_STANDARD = gnu11;
				GCC_NO_COMMON_BLOCKS = YES;
				GCC_WARN_64_TO_32_BIT_CONVERSION = YES;
				GCC_WARN_ABOUT_RETURN_TYPE = YES_ERROR;
				GCC_WARN_UNDECLARED_SELECTOR = YES;
				GCC_WARN_UNINITIALIZED_AUTOS = YES_AGGRESSIVE;
				GCC_WARN_UNUSED_FUNCTION = YES;
				GCC_WARN_UNUSED_VARIABLE = YES;
				IPHONEOS_DEPLOYMENT_TARGET = 11.2;
				MTL_ENABLE_DEBUG_INFO = NO;
				SDKROOT = iphoneos;
				VALIDATE_PRODUCT = YES;
			};
			name = Release;
		};
		C42C5621207818FB00E440C6 /* Debug */ = {
			isa = XCBuildConfiguration;
			buildSettings = {
				CODE_SIGN_STYLE = Automatic;
				DEVELOPMENT_TEAM = GJZR2MEM28;
				OTHER_LDFLAGS = "-ObjC";
				PRODUCT_NAME = "$(TARGET_NAME)";
				SKIP_INSTALL = YES;
				TARGETED_DEVICE_FAMILY = "1,2";
			};
			name = Debug;
		};
		C42C5622207818FB00E440C6 /* Release */ = {
			isa = XCBuildConfiguration;
			buildSettings = {
				CODE_SIGN_STYLE = Automatic;
				DEVELOPMENT_TEAM = GJZR2MEM28;
				OTHER_LDFLAGS = "-ObjC";
				PRODUCT_NAME = "$(TARGET_NAME)";
				SKIP_INSTALL = YES;
				TARGETED_DEVICE_FAMILY = "1,2";
			};
			name = Release;
		};
/* End XCBuildConfiguration section */

/* Begin XCConfigurationList section */
		C42C5612207818FB00E440C6 /* Build configuration list for PBXProject "RNMapboxAR" */ = {
			isa = XCConfigurationList;
			buildConfigurations = (
				C42C561E207818FB00E440C6 /* Debug */,
				C42C561F207818FB00E440C6 /* Release */,
			);
			defaultConfigurationIsVisible = 0;
			defaultConfigurationName = Release;
		};
		C42C5620207818FB00E440C6 /* Build configuration list for PBXNativeTarget "RNMapboxAR" */ = {
			isa = XCConfigurationList;
			buildConfigurations = (
				C42C5621207818FB00E440C6 /* Debug */,
				C42C5622207818FB00E440C6 /* Release */,
			);
			defaultConfigurationIsVisible = 0;
			defaultConfigurationName = Release;
		};
/* End XCConfigurationList section */
	};
	rootObject = C42C560F207818FB00E440C6 /* Project object */;
}
